
Microsoft Visual Studio Solution File, Format Version 12.00
# Visual Studio 14
VisualStudioVersion = 14.0.25420.1
MinimumVisualStudioVersion = 10.0.40219.1
Project("{FAE04EC0-301F-11D3-BF4B-00C04F79EFBC}") = "Diccionario de Datos", "Diccionario de Datos\Diccionario de Datos.csproj", "{5062C7AC-6329-4F26-97B3-0F77F58A0EDF}"
EndProject
Global
	GlobalSection(SolutionConfigurationPlatforms) = preSolution
		Debug|Any CPU = Debug|Any CPU
		Release|Any CPU = Release|Any CPU
	EndGlobalSection
	GlobalSection(ProjectConfigurationPlatforms) = postSolution
		{5062C7AC-6329-4F26-97B3-0F77F58A0EDF}.Debug|Any CPU.ActiveCfg = Debug|Any CPU
		{5062C7AC-6329-4F26-97B3-0F77F58A0EDF}.Debug|Any CPU.Build.0 = Debug|Any CPU
		{5062C7AC-6329-4F26-97B3-0F77F58A0EDF}.Release|Any CPU.ActiveCfg = Release|Any CPU
		{5062C7AC-6329-4F26-97B3-0F77F58A0EDF}.Release|Any CPU.Build.0 = Release|Any CPU
	EndGlobalSection
	GlobalSection(SolutionProperties) = preSolution
		HideSolutionNode = FALSE
	EndGlobalSection
EndGlobal
